{
  "requires": true,
  "lockfileVersion": 1,
  "dependencies": {
    "cos-js-sdk-v5": {
      "version": "0.5.26",
      "resolved": "https://registry.npmjs.org/cos-js-sdk-v5/-/cos-js-sdk-v5-0.5.26.tgz",
      "integrity": "sha512-hv5AVd9EMPn01GRHnnR1UBeEI9RzuzIEJn9DOD/HpcDbO+8qBLKSCj2euMRA0kthasAuquVjbRWo1VChLNxn3g==",
      "requires": {
        "xmldom": "^0.1.27"
      }
    },
    "xmldom": {
      "version": "0.1.31",
      "resolved": "https://registry.npmjs.org/xmldom/-/xmldom-0.1.31.tgz",
      "integrity": "sha512-yS2uJflVQs6n+CyjHoaBmVSqIDevTAWrzMmjG1Gc7h1qQ7uVozNhEPJAwZXWyGQ/Gafo3fCwrcaokezLPupVyQ=="
    }
  }
}
